// !$*UTF8*$!
{
	archiveVersion = 1;
	classes = {
	};
	objectVersion = 46;
	objects = {

/* Begin PBXBuildFile section */
		AE6EFA0017E5EA2400CE165C /* UIKit.framework in Frameworks */ = {isa = PBXBuildFile; fileRef = AE6EF9FF17E5EA2400CE165C /* UIKit.framework */; };
		AE6EFA0217E5EA2400CE165C /* Foundation.framework in Frameworks */ = {isa = PBXBuildFile; fileRef = AE6EFA0117E5EA2400CE165C /* Foundation.framework */; };
		AE6EFA0417E5EA2400CE165C /* CoreGraphics.framework in Frameworks */ = {isa = PBXBuildFile; fileRef = AE6EFA0317E5EA2400CE165C /* CoreGraphics.framework */; };
		AE6EFA0A17E5EA2400CE165C /* InfoPlist.strings in Resources */ = {isa = PBXBuildFile; fileRef = AE6EFA0817E5EA2400CE165C /* InfoPlist.strings */; };
		AE6EFA0C17E5EA2400CE165C /* main.m in Sources */ = {isa = PBXBuildFile; fileRef = AE6EFA0B17E5EA2400CE165C /* main.m */; };
		AE6EFA1017E5EA2400CE165C /* AppDelegate.m in Sources */ = {isa = PBXBuildFile; fileRef = AE6EFA0F17E5EA2400CE165C /* AppDelegate.m */; };
		AE6EFA1217E5EA2400CE165C /* Default.png in Resources */ = {isa = PBXBuildFile; fileRef = AE6EFA1117E5EA2400CE165C /* Default.png */; };
		AE6EFA1417E5EA2400CE165C /* Default@2x.png in Resources */ = {isa = PBXBuildFile; fileRef = AE6EFA1317E5EA2400CE165C /* Default@2x.png */; };
		AE6EFA1617E5EA2400CE165C /* Default-568h@2x.png in Resources */ = {isa = PBXBuildFile; fileRef = AE6EFA1517E5EA2400CE165C /* Default-568h@2x.png */; };
		AE6EFA1917E5EA2400CE165C /* MainStoryboard.storyboard in Resources */ = {isa = PBXBuildFile; fileRef = AE6EFA1717E5EA2400CE165C /* MainStoryboard.storyboard */; };
		AE6EFA1C17E5EA2400CE165C /* ViewController.m in Sources */ = {isa = PBXBuildFile; fileRef = AE6EFA1B17E5EA2400CE165C /* ViewController.m */; };
		AE6EFA2417E5EA2400CE165C /* SenTestingKit.framework in Frameworks */ = {isa = PBXBuildFile; fileRef = AE6EFA2317E5EA2400CE165C /* SenTestingKit.framework */; };
		AE6EFA2517E5EA2400CE165C /* UIKit.framework in Frameworks */ = {isa = PBXBuildFile; fileRef = AE6EF9FF17E5EA2400CE165C /* UIKit.framework */; };
		AE6EFA2617E5EA2400CE165C /* Foundation.framework in Frameworks */ = {isa = PBXBuildFile; fileRef = AE6EFA0117E5EA2400CE165C /* Foundation.framework */; };
		AE6EFA2E17E5EA2400CE165C /* InfoPlist.strings in Resources */ = {isa = PBXBuildFile; fileRef = AE6EFA2C17E5EA2400CE165C /* InfoPlist.strings */; };
		AE6EFA3117E5EA2400CE165C /* tableview_exampleTests.m in Sources */ = {isa = PBXBuildFile; fileRef = AE6EFA3017E5EA2400CE165C /* tableview_exampleTests.m */; };
		AE6EFA8617E5EAFF00CE165C /* LoopBack.framework in Frameworks */ = {isa = PBXBuildFile; fileRef = AE6EFA8517E5EAFF00CE165C /* LoopBack.framework */; };
		AE6EFA8B17E5EB8400CE165C /* appiconStrongLoop57.png in Resources */ = {isa = PBXBuildFile; fileRef = AE6EFA8717E5EB8400CE165C /* appiconStrongLoop57.png */; };
		AE6EFA8C17E5EB8400CE165C /* button-download-small.png in Resources */ = {isa = PBXBuildFile; fileRef = AE6EFA8817E5EB8400CE165C /* button-download-small.png */; };
		AE6EFA8D17E5EB8400CE165C /* button.png in Resources */ = {isa = PBXBuildFile; fileRef = AE6EFA8917E5EB8400CE165C /* button.png */; };
		AE6EFA8E17E5EB8400CE165C /* icon_57x57.png in Resources */ = {isa = PBXBuildFile; fileRef = AE6EFA8A17E5EB8400CE165C /* icon_57x57.png */; };
/* End PBXBuildFile section */

/* Begin PBXContainerItemProxy section */
		AE6EFA2717E5EA2400CE165C /* PBXContainerItemProxy */ = {
			isa = PBXContainerItemProxy;
			containerPortal = AE6EF9F417E5EA2400CE165C /* Project object */;
			proxyType = 1;
			remoteGlobalIDString = AE6EF9FB17E5EA2400CE165C;
			remoteInfo = "tableview-example";
		};
/* End PBXContainerItemProxy section */

/* Begin PBXFileReference section */
		AE6EF9FC17E5EA2400CE165C /* tableview-example.app */ = {isa = PBXFileReference; explicitFileType = wrapper.application; includeInIndex = 0; path = "tableview-example.app"; sourceTree = BUILT_PRODUCTS_DIR; };
		AE6EF9FF17E5EA2400CE165C /* UIKit.framework */ = {isa = PBXFileReference; lastKnownFileType = wrapper.framework; name = UIKit.framework; path = System/Library/Frameworks/UIKit.framework; sourceTree = SDKROOT; };
		AE6EFA0117E5EA2400CE165C /* Foundation.framework */ = {isa = PBXFileReference; lastKnownFileType = wrapper.framework; name = Foundation.framework; path = System/Library/Frameworks/Foundation.framework; sourceTree = SDKROOT; };
		AE6EFA0317E5EA2400CE165C /* CoreGraphics.framework */ = {isa = PBXFileReference; lastKnownFileType = wrapper.framework; name = CoreGraphics.framework; path = System/Library/Frameworks/CoreGraphics.framework; sourceTree = SDKROOT; };
		AE6EFA0717E5EA2400CE165C /* tableview-example-Info.plist */ = {isa = PBXFileReference; lastKnownFileType = text.plist.xml; path = "tableview-example-Info.plist"; sourceTree = "<group>"; };
		AE6EFA0917E5EA2400CE165C /* en */ = {isa = PBXFileReference; lastKnownFileType = text.plist.strings; name = en; path = en.lproj/InfoPlist.strings; sourceTree = "<group>"; };
		AE6EFA0B17E5EA2400CE165C /* main.m */ = {isa = PBXFileReference; lastKnownFileType = sourcecode.c.objc; path = main.m; sourceTree = "<group>"; };
		AE6EFA0D17E5EA2400CE165C /* tableview-example-Prefix.pch */ = {isa = PBXFileReference; lastKnownFileType = sourcecode.c.h; path = "tableview-example-Prefix.pch"; sourceTree = "<group>"; };
		AE6EFA0E17E5EA2400CE165C /* AppDelegate.h */ = {isa = PBXFileReference; lastKnownFileType = sourcecode.c.h; path = AppDelegate.h; sourceTree = "<group>"; };
		AE6EFA0F17E5EA2400CE165C /* AppDelegate.m */ = {isa = PBXFileReference; lastKnownFileType = sourcecode.c.objc; path = AppDelegate.m; sourceTree = "<group>"; };
		AE6EFA1117E5EA2400CE165C /* Default.png */ = {isa = PBXFileReference; lastKnownFileType = image.png; path = Default.png; sourceTree = "<group>"; };
		AE6EFA1317E5EA2400CE165C /* Default@2x.png */ = {isa = PBXFileReference; lastKnownFileType = image.png; path = "Default@2x.png"; sourceTree = "<group>"; };
		AE6EFA1517E5EA2400CE165C /* Default-568h@2x.png */ = {isa = PBXFileReference; lastKnownFileType = image.png; path = "Default-568h@2x.png"; sourceTree = "<group>"; };
		AE6EFA1817E5EA2400CE165C /* en */ = {isa = PBXFileReference; lastKnownFileType = file.storyboard; name = en; path = en.lproj/MainStoryboard.storyboard; sourceTree = "<group>"; };
		AE6EFA1A17E5EA2400CE165C /* ViewController.h */ = {isa = PBXFileReference; lastKnownFileType = sourcecode.c.h; path = ViewController.h; sourceTree = "<group>"; };
		AE6EFA1B17E5EA2400CE165C /* ViewController.m */ = {isa = PBXFileReference; lastKnownFileType = sourcecode.c.objc; path = ViewController.m; sourceTree = "<group>"; };
		AE6EFA2217E5EA2400CE165C /* tableview-exampleTests.octest */ = {isa = PBXFileReference; explicitFileType = wrapper.cfbundle; includeInIndex = 0; path = "tableview-exampleTests.octest"; sourceTree = BUILT_PRODUCTS_DIR; };
		AE6EFA2317E5EA2400CE165C /* SenTestingKit.framework */ = {isa = PBXFileReference; lastKnownFileType = wrapper.framework; name = SenTestingKit.framework; path = Library/Frameworks/SenTestingKit.framework; sourceTree = DEVELOPER_DIR; };
		AE6EFA2B17E5EA2400CE165C /* tableview-exampleTests-Info.plist */ = {isa = PBXFileReference; lastKnownFileType = text.plist.xml; path = "tableview-exampleTests-Info.plist"; sourceTree = "<group>"; };
		AE6EFA2D17E5EA2400CE165C /* en */ = {isa = PBXFileReference; lastKnownFileType = text.plist.strings; name = en; path = en.lproj/InfoPlist.strings; sourceTree = "<group>"; };
		AE6EFA2F17E5EA2400CE165C /* tableview_exampleTests.h */ = {isa = PBXFileReference; lastKnownFileType = sourcecode.c.h; path = tableview_exampleTests.h; sourceTree = "<group>"; };
		AE6EFA3017E5EA2400CE165C /* tableview_exampleTests.m */ = {isa = PBXFileReference; lastKnownFileType = sourcecode.c.objc; path = tableview_exampleTests.m; sourceTree = "<group>"; };
		AE6EFA8517E5EAFF00CE165C /* LoopBack.framework */ = {isa = PBXFileReference; lastKnownFileType = wrapper.framework; path = LoopBack.framework; sourceTree = "<group>"; };
		AE6EFA8717E5EB8400CE165C /* appiconStrongLoop57.png */ = {isa = PBXFileReference; lastKnownFileType = image.png; path = appiconStrongLoop57.png; sourceTree = "<group>"; };
		AE6EFA8817E5EB8400CE165C /* button-download-small.png */ = {isa = PBXFileReference; lastKnownFileType = image.png; path = "button-download-small.png"; sourceTree = "<group>"; };
		AE6EFA8917E5EB8400CE165C /* button.png */ = {isa = PBXFileReference; lastKnownFileType = image.png; path = button.png; sourceTree = "<group>"; };
		AE6EFA8A17E5EB8400CE165C /* icon_57x57.png */ = {isa = PBXFileReference; lastKnownFileType = image.png; path = icon_57x57.png; sourceTree = "<group>"; };
/* End PBXFileReference section */

/* Begin PBXFrameworksBuildPhase section */
		AE6EF9F917E5EA2400CE165C /* Frameworks */ = {
			isa = PBXFrameworksBuildPhase;
			buildActionMask = 2147483647;
			files = (
				AE6EFA0017E5EA2400CE165C /* UIKit.framework in Frameworks */,
				AE6EFA0217E5EA2400CE165C /* Foundation.framework in Frameworks */,
				AE6EFA0417E5EA2400CE165C /* CoreGraphics.framework in Frameworks */,
				AE6EFA8617E5EAFF00CE165C /* LoopBack.framework in Frameworks */,
			);
			runOnlyForDeploymentPostprocessing = 0;
		};
		AE6EFA1E17E5EA2400CE165C /* Frameworks */ = {
			isa = PBXFrameworksBuildPhase;
			buildActionMask = 2147483647;
			files = (
				AE6EFA2417E5EA2400CE165C /* SenTestingKit.framework in Frameworks */,
				AE6EFA2517E5EA2400CE165C /* UIKit.framework in Frameworks */,
				AE6EFA2617E5EA2400CE165C /* Foundation.framework in Frameworks */,
			);
			runOnlyForDeploymentPostprocessing = 0;
		};
/* End PBXFrameworksBuildPhase section */

/* Begin PBXGroup section */
		AE6EF9F317E5EA2400CE165C = {
			isa = PBXGroup;
			children = (
				AE6EFA0517E5EA2400CE165C /* tableview-example */,
				AE6EFA2917E5EA2400CE165C /* tableview-exampleTests */,
				AE6EF9FE17E5EA2400CE165C /* Frameworks */,
				AE6EF9FD17E5EA2400CE165C /* Products */,
			);
			sourceTree = "<group>";
		};
		AE6EF9FD17E5EA2400CE165C /* Products */ = {
			isa = PBXGroup;
			children = (
				AE6EF9FC17E5EA2400CE165C /* tableview-example.app */,
				AE6EFA2217E5EA2400CE165C /* tableview-exampleTests.octest */,
			);
			name = Products;
			sourceTree = "<group>";
		};
		AE6EF9FE17E5EA2400CE165C /* Frameworks */ = {
			isa = PBXGroup;
			children = (
				AE6EFA8517E5EAFF00CE165C /* LoopBack.framework */,
				AE6EF9FF17E5EA2400CE165C /* UIKit.framework */,
				AE6EFA0117E5EA2400CE165C /* Foundation.framework */,
				AE6EFA0317E5EA2400CE165C /* CoreGraphics.framework */,
				AE6EFA2317E5EA2400CE165C /* SenTestingKit.framework */,
			);
			name = Frameworks;
			sourceTree = "<group>";
		};
		AE6EFA0517E5EA2400CE165C /* tableview-example */ = {
			isa = PBXGroup;
			children = (
				AE6EFA1B17E5EA2400CE165C /* ViewController.m */,
				AE6EFA0F17E5EA2400CE165C /* AppDelegate.m */,
				AE6EFA1717E5EA2400CE165C /* MainStoryboard.storyboard */,
				AE6EFA8717E5EB8400CE165C /* appiconStrongLoop57.png */,
				AE6EFA8817E5EB8400CE165C /* button-download-small.png */,
				AE6EFA8917E5EB8400CE165C /* button.png */,
				AE6EFA8A17E5EB8400CE165C /* icon_57x57.png */,
				AE6EFA0E17E5EA2400CE165C /* AppDelegate.h */,
				AE6EFA1A17E5EA2400CE165C /* ViewController.h */,
				AE6EFA0617E5EA2400CE165C /* Supporting Files */,
			);
			path = "tableview-example";
			sourceTree = "<group>";
		};
		AE6EFA0617E5EA2400CE165C /* Supporting Files */ = {
			isa = PBXGroup;
			children = (
				AE6EFA0717E5EA2400CE165C /* tableview-example-Info.plist */,
				AE6EFA0817E5EA2400CE165C /* InfoPlist.strings */,
				AE6EFA0B17E5EA2400CE165C /* main.m */,
				AE6EFA0D17E5EA2400CE165C /* tableview-example-Prefix.pch */,
				AE6EFA1117E5EA2400CE165C /* Default.png */,
				AE6EFA1317E5EA2400CE165C /* Default@2x.png */,
				AE6EFA1517E5EA2400CE165C /* Default-568h@2x.png */,
			);
			name = "Supporting Files";
			sourceTree = "<group>";
		};
		AE6EFA2917E5EA2400CE165C /* tableview-exampleTests */ = {
			isa = PBXGroup;
			children = (
				AE6EFA2F17E5EA2400CE165C /* tableview_exampleTests.h */,
				AE6EFA3017E5EA2400CE165C /* tableview_exampleTests.m */,
				AE6EFA2A17E5EA2400CE165C /* Supporting Files */,
			);
			path = "tableview-exampleTests";
			sourceTree = "<group>";
		};
		AE6EFA2A17E5EA2400CE165C /* Supporting Files */ = {
			isa = PBXGroup;
			children = (
				AE6EFA2B17E5EA2400CE165C /* tableview-exampleTests-Info.plist */,
				AE6EFA2C17E5EA2400CE165C /* InfoPlist.strings */,
			);
			name = "Supporting Files";
			sourceTree = "<group>";
		};
/* End PBXGroup section */

/* Begin PBXNativeTarget section */
		AE6EF9FB17E5EA2400CE165C /* tableview-example */ = {
			isa = PBXNativeTarget;
			buildConfigurationList = AE6EFA3417E5EA2400CE165C /* Build configuration list for PBXNativeTarget "tableview-example" */;
			buildPhases = (
				AE6EF9F817E5EA2400CE165C /* Sources */,
				AE6EF9F917E5EA2400CE165C /* Frameworks */,
				AE6EF9FA17E5EA2400CE165C /* Resources */,
			);
			buildRules = (
			);
			dependencies = (
			);
			name = "tableview-example";
			productName = "tableview-example";
			productReference = AE6EF9FC17E5EA2400CE165C /* tableview-example.app */;
			productType = "com.apple.product-type.application";
		};
		AE6EFA2117E5EA2400CE165C /* tableview-exampleTests */ = {
			isa = PBXNativeTarget;
			buildConfigurationList = AE6EFA3717E5EA2400CE165C /* Build configuration list for PBXNativeTarget "tableview-exampleTests" */;
			buildPhases = (
				AE6EFA1D17E5EA2400CE165C /* Sources */,
				AE6EFA1E17E5EA2400CE165C /* Frameworks */,
				AE6EFA1F17E5EA2400CE165C /* Resources */,
				AE6EFA2017E5EA2400CE165C /* ShellScript */,
			);
			buildRules = (
			);
			dependencies = (
				AE6EFA2817E5EA2400CE165C /* PBXTargetDependency */,
			);
			name = "tableview-exampleTests";
			productName = "tableview-exampleTests";
			productReference = AE6EFA2217E5EA2400CE165C /* tableview-exampleTests.octest */;
			productType = "com.apple.product-type.bundle";
		};
/* End PBXNativeTarget section */

/* Begin PBXProject section */
		AE6EF9F417E5EA2400CE165C /* Project object */ = {
			isa = PBXProject;
			attributes = {
				LastUpgradeCheck = 0460;
				ORGANIZATIONNAME = "Matt Schmulen";
			};
			buildConfigurationList = AE6EF9F717E5EA2400CE165C /* Build configuration list for PBXProject "tableview-example" */;
			compatibilityVersion = "Xcode 3.2";
			developmentRegion = English;
			hasScannedForEncodings = 0;
			knownRegions = (
				en,
			);
			mainGroup = AE6EF9F317E5EA2400CE165C;
			productRefGroup = AE6EF9FD17E5EA2400CE165C /* Products */;
			projectDirPath = "";
			projectRoot = "";
			targets = (
				AE6EF9FB17E5EA2400CE165C /* tableview-example */,
				AE6EFA2117E5EA2400CE165C /* tableview-exampleTests */,
			);
		};
/* End PBXProject section */

/* Begin PBXResourcesBuildPhase section */
		AE6EF9FA17E5EA2400CE165C /* Resources */ = {
			isa = PBXResourcesBuildPhase;
			buildActionMask = 2147483647;
			files = (
				AE6EFA0A17E5EA2400CE165C /* InfoPlist.strings in Resources */,
				AE6EFA1217E5EA2400CE165C /* Default.png in Resources */,
				AE6EFA1417E5EA2400CE165C /* Default@2x.png in Resources */,
				AE6EFA1617E5EA2400CE165C /* Default-568h@2x.png in Resources */,
				AE6EFA1917E5EA2400CE165C /* MainStoryboard.storyboard in Resources */,
				AE6EFA8B17E5EB8400CE165C /* appiconStrongLoop57.png in Resources */,
				AE6EFA8C17E5EB8400CE165C /* button-download-small.png in Resources */,
				AE6EFA8D17E5EB8400CE165C /* button.png in Resources */,
				AE6EFA8E17E5EB8400CE165C /* icon_57x57.png in Resources */,
			);
			runOnlyForDeploymentPostprocessing = 0;
		};
		AE6EFA1F17E5EA2400CE165C /* Resources */ = {
			isa = PBXResourcesBuildPhase;
			buildActionMask = 2147483647;
			files = (
				AE6EFA2E17E5EA2400CE165C /* InfoPlist.strings in Resources */,
			);
			runOnlyForDeploymentPostprocessing = 0;
		};
/* End PBXResourcesBuildPhase section */

/* Begin PBXShellScriptBuildPhase section */
		AE6EFA2017E5EA2400CE165C /* ShellScript */ = {
			isa = PBXShellScriptBuildPhase;
			buildActionMask = 2147483647;
			files = (
			);
			inputPaths = (
			);
			outputPaths = (
			);
			runOnlyForDeploymentPostprocessing = 0;
			shellPath = /bin/sh;
			shellScript = "# Run the unit tests in this test bundle.\n\"${SYSTEM_DEVELOPER_DIR}/Tools/RunUnitTests\"\n";
		};
/* End PBXShellScriptBuildPhase section */

/* Begin PBXSourcesBuildPhase section */
		AE6EF9F817E5EA2400CE165C /* Sources */ = {
			isa = PBXSourcesBuildPhase;
			buildActionMask = 2147483647;
			files = (
				AE6EFA0C17E5EA2400CE165C /* main.m in Sources */,
				AE6EFA1017E5EA2400CE165C /* AppDelegate.m in Sources */,
				AE6EFA1C17E5EA2400CE165C /* ViewController.m in Sources */,
			);
			runOnlyForDeploymentPostprocessing = 0;
		};
		AE6EFA1D17E5EA2400CE165C /* Sources */ = {
			isa = PBXSourcesBuildPhase;
			buildActionMask = 2147483647;
			files = (
				AE6EFA3117E5EA2400CE165C /* tableview_exampleTests.m in Sources */,
			);
			runOnlyForDeploymentPostprocessing = 0;
		};
/* End PBXSourcesBuildPhase section */

/* Begin PBXTargetDependency section */
		AE6EFA2817E5EA2400CE165C /* PBXTargetDependency */ = {
			isa = PBXTargetDependency;
			target = AE6EF9FB17E5EA2400CE165C /* tableview-example */;
			targetProxy = AE6EFA2717E5EA2400CE165C /* PBXContainerItemProxy */;
		};
/* End PBXTargetDependency section */

/* Begin PBXVariantGroup section */
		AE6EFA0817E5EA2400CE165C /* InfoPlist.strings */ = {
			isa = PBXVariantGroup;
			children = (
				AE6EFA0917E5EA2400CE165C /* en */,
			);
			name = InfoPlist.strings;
			sourceTree = "<group>";
		};
		AE6EFA1717E5EA2400CE165C /* MainStoryboard.storyboard */ = {
			isa = PBXVariantGroup;
			children = (
				AE6EFA1817E5EA2400CE165C /* en */,
			);
			name = MainStoryboard.storyboard;
			sourceTree = "<group>";
		};
		AE6EFA2C17E5EA2400CE165C /* InfoPlist.strings */ = {
			isa = PBXVariantGroup;
			children = (
				AE6EFA2D17E5EA2400CE165C /* en */,
			);
			name = InfoPlist.strings;
			sourceTree = "<group>";
		};
/* End PBXVariantGroup section */

/* Begin XCBuildConfiguration section */
		AE6EFA3217E5EA2400CE165C /* Debug */ = {
			isa = XCBuildConfiguration;
			buildSettings = {
				ALWAYS_SEARCH_USER_PATHS = NO;
				CLANG_CXX_LANGUAGE_STANDARD = "gnu++0x";
				CLANG_CXX_LIBRARY = "libc++";
				CLANG_ENABLE_OBJC_ARC = YES;
				CLANG_WARN_CONSTANT_CONVERSION = YES;
				CLANG_WARN_EMPTY_BODY = YES;
				CLANG_WARN_ENUM_CONVERSION = YES;
				CLANG_WARN_INT_CONVERSION = YES;
				CLANG_WARN__DUPLICATE_METHOD_MATCH = YES;
				"CODE_SIGN_IDENTITY[sdk=iphoneos*]" = "iPhone Developer";
				COPY_PHASE_STRIP = NO;
				GCC_C_LANGUAGE_STANDARD = gnu99;
				GCC_DYNAMIC_NO_PIC = NO;
				GCC_OPTIMIZATION_LEVEL = 0;
				GCC_PREPROCESSOR_DEFINITIONS = (
					"DEBUG=1",
					"$(inherited)",
				);
				GCC_SYMBOLS_PRIVATE_EXTERN = NO;
				GCC_WARN_ABOUT_RETURN_TYPE = YES;
				GCC_WARN_UNINITIALIZED_AUTOS = YES;
				GCC_WARN_UNUSED_VARIABLE = YES;
				IPHONEOS_DEPLOYMENT_TARGET = 6.1;
				ONLY_ACTIVE_ARCH = YES;
				SDKROOT = iphoneos;
			};
			name = Debug;
		};
		AE6EFA3317E5EA2400CE165C /* Release */ = {
			isa = XCBuildConfiguration;
			buildSettings = {
				ALWAYS_SEARCH_USER_PATHS = NO;
				CLANG_CXX_LANGUAGE_STANDARD = "gnu++0x";
				CLANG_CXX_LIBRARY = "libc++";
				CLANG_ENABLE_OBJC_ARC = YES;
				CLANG_WARN_CONSTANT_CONVERSION = YES;
				CLANG_WARN_EMPTY_BODY = YES;
				CLANG_WARN_ENUM_CONVERSION = YES;
				CLANG_WARN_INT_CONVERSION = YES;
				CLANG_WARN__DUPLICATE_METHOD_MATCH = YES;
				"CODE_SIGN_IDENTITY[sdk=iphoneos*]" = "iPhone Developer";
				COPY_PHASE_STRIP = YES;
				GCC_C_LANGUAGE_STANDARD = gnu99;
				GCC_WARN_ABOUT_RETURN_TYPE = YES;
				GCC_WARN_UNINITIALIZED_AUTOS = YES;
				GCC_WARN_UNUSED_VARIABLE = YES;
				IPHONEOS_DEPLOYMENT_TARGET = 6.1;
				OTHER_CFLAGS = "-DNS_BLOCK_ASSERTIONS=1";
				SDKROOT = iphoneos;
				VALIDATE_PRODUCT = YES;
			};
			name = Release;
		};
		AE6EFA3517E5EA2400CE165C /* Debug */ = {
			isa = XCBuildConfiguration;
			buildSettings = {
				FRAMEWORK_SEARCH_PATHS = (
					"$(inherited)",
					"\"$(SRCROOT)\"",
				);
				GCC_PRECOMPILE_PREFIX_HEADER = YES;
				GCC_PREFIX_HEADER = "tableview-example/tableview-example-Prefix.pch";
				INFOPLIST_FILE = "tableview-example/tableview-example-Info.plist";
				PRODUCT_NAME = "$(TARGET_NAME)";
				WRAPPER_EXTENSION = app;
			};
			name = Debug;
		};
		AE6EFA3617E5EA2400CE165C /* Release */ = {
			isa = XCBuildConfiguration;
			buildSettings = {
				FRAMEWORK_SEARCH_PATHS = (
					"$(inherited)",
					"\"$(SRCROOT)\"",
				);
				GCC_PRECOMPILE_PREFIX_HEADER = YES;
				GCC_PREFIX_HEADER = "tableview-example/tableview-example-Prefix.pch";
				INFOPLIST_FILE = "tableview-example/tableview-example-Info.plist";
				PRODUCT_NAME = "$(TARGET_NAME)";
				WRAPPER_EXTENSION = app;
			};
			name = Release;
		};
		AE6EFA3817E5EA2400CE165C /* Debug */ = {
			isa = XCBuildConfiguration;
			buildSettings = {
				BUNDLE_LOADER = "$(BUILT_PRODUCTS_DIR)/tableview-example.app/tableview-example";
				FRAMEWORK_SEARCH_PATHS = (
					"\"$(SDKROOT)/Developer/Library/Frameworks\"",
					"\"$(DEVELOPER_LIBRARY_DIR)/Frameworks\"",
				);
				GCC_PRECOMPILE_PREFIX_HEADER = YES;
				GCC_PREFIX_HEADER = "tableview-example/tableview-example-Prefix.pch";
				INFOPLIST_FILE = "tableview-exampleTests/tableview-exampleTests-Info.plist";
				PRODUCT_NAME = "$(TARGET_NAME)";
				TEST_HOST = "$(BUNDLE_LOADER)";
				WRAPPER_EXTENSION = octest;
			};
			name = Debug;
		};
		AE6EFA3917E5EA2400CE165C /* Release */ = {
			isa = XCBuildConfiguration;
			buildSettings = {
				BUNDLE_LOADER = "$(BUILT_PRODUCTS_DIR)/tableview-example.app/tableview-example";
				FRAMEWORK_SEARCH_PATHS = (
					"\"$(SDKROOT)/Developer/Library/Frameworks\"",
					"\"$(DEVELOPER_LIBRARY_DIR)/Frameworks\"",
				);
				GCC_PRECOMPILE_PREFIX_HEADER = YES;
				GCC_PREFIX_HEADER = "tableview-example/tableview-example-Prefix.pch";
				INFOPLIST_FILE = "tableview-exampleTests/tableview-exampleTests-Info.plist";
				PRODUCT_NAME = "$(TARGET_NAME)";
				TEST_HOST = "$(BUNDLE_LOADER)";
				WRAPPER_EXTENSION = octest;
			};
			name = Release;
		};
/* End XCBuildConfiguration section */

/* Begin XCConfigurationList section */
		AE6EF9F717E5EA2400CE165C /* Build configuration list for PBXProject "tableview-example" */ = {
			isa = XCConfigurationList;
			buildConfigurations = (
				AE6EFA3217E5EA2400CE165C /* Debug */,
				AE6EFA3317E5EA2400CE165C /* Release */,
			);
			defaultConfigurationIsVisible = 0;
			defaultConfigurationName = Release;
		};
		AE6EFA3417E5EA2400CE165C /* Build configuration list for PBXNativeTarget "tableview-example" */ = {
			isa = XCConfigurationList;
			buildConfigurations = (
				AE6EFA3517E5EA2400CE165C /* Debug */,
				AE6EFA3617E5EA2400CE165C /* Release */,
			);
			defaultConfigurationIsVisible = 0;
			defaultConfigurationName = Release;
		};
		AE6EFA3717E5EA2400CE165C /* Build configuration list for PBXNativeTarget "tableview-exampleTests" */ = {
			isa = XCConfigurationList;
			buildConfigurations = (
				AE6EFA3817E5EA2400CE165C /* Debug */,
				AE6EFA3917E5EA2400CE165C /* Release */,
			);
			defaultConfigurationIsVisible = 0;
			defaultConfigurationName = Release;
		};
/* End XCConfigurationList section */
	};
	rootObject = AE6EF9F417E5EA2400CE165C /* Project object */;
}
